// !$*UTF8*$!
{
	archiveVersion = 1;
	classes = {
	};
	objectVersion = 46;
	objects = {

/* Begin PBXBuildFile section */
		B20114A61D0BB1A00066F26D /* LBViewController.swift in Sources */ = {isa = PBXBuildFile; fileRef = B20114A51D0BB1A00066F26D /* LBViewController.swift */; };
		B20114B61D0CA00B0066F26D /* FBSDKCoreKit.framework in Frameworks */ = {isa = PBXBuildFile; fileRef = B20114B31D0CA00B0066F26D /* FBSDKCoreKit.framework */; };
		B20114B71D0CA00B0066F26D /* FBSDKLoginKit.framework in Frameworks */ = {isa = PBXBuildFile; fileRef = B20114B41D0CA00B0066F26D /* FBSDKLoginKit.framework */; };
		B20114B81D0CA00B0066F26D /* FBSDKShareKit.framework in Frameworks */ = {isa = PBXBuildFile; fileRef = B20114B51D0CA00B0066F26D /* FBSDKShareKit.framework */; };
		B20C53D61D1A2AC60077C8AC /* LeaderboardVC.m in Sources */ = {isa = PBXBuildFile; fileRef = B20C53D51D1A2AC60077C8AC /* LeaderboardVC.m */; };
		B24E46B91D18D943008820A9 /* RKSwipeBetweenViewControllers.m in Sources */ = {isa = PBXBuildFile; fileRef = B24E46B81D18D943008820A9 /* RKSwipeBetweenViewControllers.m */; };
		B9180AE71D166DE800DEAFD4 /* CameraSessionView.m in Sources */ = {isa = PBXBuildFile; fileRef = B9180ACE1D166DE800DEAFD4 /* CameraSessionView.m */; };
		B9180AE81D166DE800DEAFD4 /* CameraDismissButton.m in Sources */ = {isa = PBXBuildFile; fileRef = B9180AD21D166DE800DEAFD4 /* CameraDismissButton.m */; };
		B9180AE91D166DE800DEAFD4 /* CameraFlashButton.m in Sources */ = {isa = PBXBuildFile; fileRef = B9180AD41D166DE800DEAFD4 /* CameraFlashButton.m */; };
		B9180AEA1D166DE800DEAFD4 /* CameraFocalReticule.m in Sources */ = {isa = PBXBuildFile; fileRef = B9180AD61D166DE800DEAFD4 /* CameraFocalReticule.m */; };
		B9180AEB1D166DE800DEAFD4 /* CameraShutterButton.m in Sources */ = {isa = PBXBuildFile; fileRef = B9180AD81D166DE800DEAFD4 /* CameraShutterButton.m */; };
		B9180AEC1D166DE800DEAFD4 /* CameraToggleButton.m in Sources */ = {isa = PBXBuildFile; fileRef = B9180ADA1D166DE800DEAFD4 /* CameraToggleButton.m */; };
		B9180AED1D166DE800DEAFD4 /* LaunchCameraButton.m in Sources */ = {isa = PBXBuildFile; fileRef = B9180ADC1D166DE800DEAFD4 /* LaunchCameraButton.m */; };
		B9180AEE1D166DE800DEAFD4 /* Cool Camera Mockup.sketch in Resources */ = {isa = PBXBuildFile; fileRef = B9180ADD1D166DE800DEAFD4 /* Cool Camera Mockup.sketch */; };
		B9180AEF1D166DE800DEAFD4 /* PaintCodeFile.pcvd in Resources */ = {isa = PBXBuildFile; fileRef = B9180ADE1D166DE800DEAFD4 /* PaintCodeFile.pcvd */; };
		B9180AF01D166DE800DEAFD4 /* CameraStyleKitClass.m in Sources */ = {isa = PBXBuildFile; fileRef = B9180AE11D166DE800DEAFD4 /* CameraStyleKitClass.m */; };
		B9180AF11D166DE800DEAFD4 /* CaptureSessionManager.m in Sources */ = {isa = PBXBuildFile; fileRef = B9180AE41D166DE800DEAFD4 /* CaptureSessionManager.m */; };
		B9180AF21D166DE800DEAFD4 /* Constants.m in Sources */ = {isa = PBXBuildFile; fileRef = B9180AE61D166DE800DEAFD4 /* Constants.m */; };
		B9180AF41D16700100DEAFD4 /* cameraView.swift in Sources */ = {isa = PBXBuildFile; fileRef = B9180AF31D16700100DEAFD4 /* cameraView.swift */; };
		B9180AF61D17BB8B00DEAFD4 /* postTOVC.swift in Sources */ = {isa = PBXBuildFile; fileRef = B9180AF51D17BB8A00DEAFD4 /* postTOVC.swift */; };
		B9180AF81D17F92600DEAFD4 /* postCell.swift in Sources */ = {isa = PBXBuildFile; fileRef = B9180AF71D17F92500DEAFD4 /* postCell.swift */; };
		B91FBC211CCA62BA004ABBCC /* Assets.xcassets in Resources */ = {isa = PBXBuildFile; fileRef = B91FBC201CCA62BA004ABBCC /* Assets.xcassets */; };
		B91FBC241CCA62BA004ABBCC /* LaunchScreen.storyboard in Resources */ = {isa = PBXBuildFile; fileRef = B91FBC221CCA62BA004ABBCC /* LaunchScreen.storyboard */; };
		B91FBC2F1CCA62BA004ABBCC /* LudipicsUpdatedTests.swift in Sources */ = {isa = PBXBuildFile; fileRef = B91FBC2E1CCA62BA004ABBCC /* LudipicsUpdatedTests.swift */; };
		B91FBC3A1CCA62BA004ABBCC /* LudipicsUpdatedUITests.swift in Sources */ = {isa = PBXBuildFile; fileRef = B91FBC391CCA62BA004ABBCC /* LudipicsUpdatedUITests.swift */; };
		B91FBC4B1CCA650A004ABBCC /* CameraFoundationVC.m in Sources */ = {isa = PBXBuildFile; fileRef = B91FBC4A1CCA650A004ABBCC /* CameraFoundationVC.m */; };
		B91FBC6C1CCA8A48004ABBCC /* GroupVC.m in Sources */ = {isa = PBXBuildFile; fileRef = B91FBC6A1CCA8A48004ABBCC /* GroupVC.m */; };
		B91FBC711CCA8AC9004ABBCC /* GroupTableCellVC.m in Sources */ = {isa = PBXBuildFile; fileRef = B91FBC6F1CCA8AC9004ABBCC /* GroupTableCellVC.m */; };
		B91FBC741CCA95E7004ABBCC /* GroupVC.storyboard in Resources */ = {isa = PBXBuildFile; fileRef = B91FBC731CCA95E7004ABBCC /* GroupVC.storyboard */; };
		B91FBC761CCA97B5004ABBCC /* logo.png in Resources */ = {isa = PBXBuildFile; fileRef = B91FBC751CCA97B5004ABBCC /* logo.png */; };
		B91FBC791CCA9AF2004ABBCC /* Main.storyboard in Resources */ = {isa = PBXBuildFile; fileRef = B91FBC771CCA9AF2004ABBCC /* Main.storyboard */; };
		B92E847B1D0C4DC800591188 /* customTextField.swift in Sources */ = {isa = PBXBuildFile; fileRef = B92E847A1D0C4DC800591188 /* customTextField.swift */; };
		B94C8EE51CD012B700324C89 /* TestViewController.swift in Sources */ = {isa = PBXBuildFile; fileRef = B94C8EE41CD012B700324C89 /* TestViewController.swift */; };
		B94C90AA1D09EB2E00745463 /* Discover.swift in Sources */ = {isa = PBXBuildFile; fileRef = B94C90A91D09EB2E00745463 /* Discover.swift */; };
		B94C90AF1D0BBF3200745463 /* LoginView.swift in Sources */ = {isa = PBXBuildFile; fileRef = B94C90AE1D0BBF3100745463 /* LoginView.swift */; };
		B97305501CCD3BE4000D5019 /* Parse.framework in Frameworks */ = {isa = PBXBuildFile; fileRef = B973054F1CCD3BE4000D5019 /* Parse.framework */; };
		B97305521CCD3BEF000D5019 /* Bolts.framework in Frameworks */ = {isa = PBXBuildFile; fileRef = B97305511CCD3BEF000D5019 /* Bolts.framework */; };
		B97305541CCD3C28000D5019 /* AudioToolbox.framework in Frameworks */ = {isa = PBXBuildFile; fileRef = B97305531CCD3C28000D5019 /* AudioToolbox.framework */; };
		B97305561CCD3C2F000D5019 /* CFNetwork.framework in Frameworks */ = {isa = PBXBuildFile; fileRef = B97305551CCD3C2F000D5019 /* CFNetwork.framework */; };
		B97305581CCD3C38000D5019 /* CoreGraphics.framework in Frameworks */ = {isa = PBXBuildFile; fileRef = B97305571CCD3C38000D5019 /* CoreGraphics.framework */; };
		B973055A1CCD3C3E000D5019 /* CoreLocation.framework in Frameworks */ = {isa = PBXBuildFile; fileRef = B97305591CCD3C3E000D5019 /* CoreLocation.framework */; };
		B973055C1CCD3C47000D5019 /* QuartzCore.framework in Frameworks */ = {isa = PBXBuildFile; fileRef = B973055B1CCD3C47000D5019 /* QuartzCore.framework */; };
		B973055E1CCD3C4F000D5019 /* Security.framework in Frameworks */ = {isa = PBXBuildFile; fileRef = B973055D1CCD3C4F000D5019 /* Security.framework */; };
		B97305601CCD3C55000D5019 /* StoreKit.framework in Frameworks */ = {isa = PBXBuildFile; fileRef = B973055F1CCD3C55000D5019 /* StoreKit.framework */; };
		B97305621CCD3C5F000D5019 /* SystemConfiguration.framework in Frameworks */ = {isa = PBXBuildFile; fileRef = B97305611CCD3C5F000D5019 /* SystemConfiguration.framework */; };
		B97305641CCD3C67000D5019 /* libz.tbd in Frameworks */ = {isa = PBXBuildFile; fileRef = B97305631CCD3C67000D5019 /* libz.tbd */; };
		B97305661CCD3C71000D5019 /* libsqlite3.tbd in Frameworks */ = {isa = PBXBuildFile; fileRef = B97305651CCD3C71000D5019 /* libsqlite3.tbd */; };
		B98B81901CCB2EC50030912D /* SignUpVC.swift in Sources */ = {isa = PBXBuildFile; fileRef = B98B818E1CCB2EC50030912D /* SignUpVC.swift */; };
		B98B81931CCB2F040030912D /* SignUpVC.storyboard in Resources */ = {isa = PBXBuildFile; fileRef = B98B81921CCB2F040030912D /* SignUpVC.storyboard */; };
		B98B81961CCB8D020030912D /* emailResponseVC.swift in Sources */ = {isa = PBXBuildFile; fileRef = B98B81951CCB8D010030912D /* emailResponseVC.swift */; };
		B98B81981CCBA2F80030912D /* passwordResponseVC.swift in Sources */ = {isa = PBXBuildFile; fileRef = B98B81971CCBA2F80030912D /* passwordResponseVC.swift */; };
		B98B819A1CCBC58E0030912D /* DateGenderVC.swift in Sources */ = {isa = PBXBuildFile; fileRef = B98B81991CCBC58E0030912D /* DateGenderVC.swift */; };
		B9A35B541CCC590800A03D39 /* AppDelegate.swift in Sources */ = {isa = PBXBuildFile; fileRef = B9A35B531CCC590800A03D39 /* AppDelegate.swift */; };
/* End PBXBuildFile section */

/* Begin PBXContainerItemProxy section */
		B91FBC2B1CCA62BA004ABBCC /* PBXContainerItemProxy */ = {
			isa = PBXContainerItemProxy;
			containerPortal = B91FBC0E1CCA62B8004ABBCC /* Project object */;
			proxyType = 1;
			remoteGlobalIDString = B91FBC151CCA62B8004ABBCC;
			remoteInfo = LudipicsUpdated;
		};
		B91FBC361CCA62BA004ABBCC /* PBXContainerItemProxy */ = {
			isa = PBXContainerItemProxy;
			containerPortal = B91FBC0E1CCA62B8004ABBCC /* Project object */;
			proxyType = 1;
			remoteGlobalIDString = B91FBC151CCA62B8004ABBCC;
			remoteInfo = LudipicsUpdated;
		};
/* End PBXContainerItemProxy section */

/* Begin PBXFileReference section */
		B20114A51D0BB1A00066F26D /* LBViewController.swift */ = {isa = PBXFileReference; fileEncoding = 4; lastKnownFileType = sourcecode.swift; path = LBViewController.swift; sourceTree = "<group>"; };
		B20114B31D0CA00B0066F26D /* FBSDKCoreKit.framework */ = {isa = PBXFileReference; lastKnownFileType = wrapper.framework; path = FBSDKCoreKit.framework; sourceTree = "<group>"; };
		B20114B41D0CA00B0066F26D /* FBSDKLoginKit.framework */ = {isa = PBXFileReference; lastKnownFileType = wrapper.framework; path = FBSDKLoginKit.framework; sourceTree = "<group>"; };
		B20114B51D0CA00B0066F26D /* FBSDKShareKit.framework */ = {isa = PBXFileReference; lastKnownFileType = wrapper.framework; path = FBSDKShareKit.framework; sourceTree = "<group>"; };
		B20C53D41D1A2AC60077C8AC /* LeaderboardVC.h */ = {isa = PBXFileReference; fileEncoding = 4; lastKnownFileType = sourcecode.c.h; path = LeaderboardVC.h; sourceTree = "<group>"; };
		B20C53D51D1A2AC60077C8AC /* LeaderboardVC.m */ = {isa = PBXFileReference; fileEncoding = 4; lastKnownFileType = sourcecode.c.objc; path = LeaderboardVC.m; sourceTree = "<group>"; };
		B24E46B71D18D92F008820A9 /* RKSwipeBetweenViewControllers.h */ = {isa = PBXFileReference; lastKnownFileType = sourcecode.c.h; path = RKSwipeBetweenViewControllers.h; sourceTree = "<group>"; };
		B24E46B81D18D943008820A9 /* RKSwipeBetweenViewControllers.m */ = {isa = PBXFileReference; fileEncoding = 4; lastKnownFileType = sourcecode.c.objc; path = RKSwipeBetweenViewControllers.m; sourceTree = "<group>"; };
		B9180ACD1D166DE800DEAFD4 /* CameraSessionView.h */ = {isa = PBXFileReference; fileEncoding = 4; lastKnownFileType = sourcecode.c.h; path = CameraSessionView.h; sourceTree = "<group>"; };
		B9180ACE1D166DE800DEAFD4 /* CameraSessionView.m */ = {isa = PBXFileReference; fileEncoding = 4; lastKnownFileType = sourcecode.c.objc; path = CameraSessionView.m; sourceTree = "<group>"; };
		B9180AD11D166DE800DEAFD4 /* CameraDismissButton.h */ = {isa = PBXFileReference; fileEncoding = 4; lastKnownFileType = sourcecode.c.h; path = CameraDismissButton.h; sourceTree = "<group>"; };
		B9180AD21D166DE800DEAFD4 /* CameraDismissButton.m */ = {isa = PBXFileReference; fileEncoding = 4; lastKnownFileType = sourcecode.c.objc; path = CameraDismissButton.m; sourceTree = "<group>"; };
		B9180AD31D166DE800DEAFD4 /* CameraFlashButton.h */ = {isa = PBXFileReference; fileEncoding = 4; lastKnownFileType = sourcecode.c.h; path = CameraFlashButton.h; sourceTree = "<group>"; };
		B9180AD41D166DE800DEAFD4 /* CameraFlashButton.m */ = {isa = PBXFileReference; fileEncoding = 4; lastKnownFileType = sourcecode.c.objc; path = CameraFlashButton.m; sourceTree = "<group>"; };
		B9180AD51D166DE800DEAFD4 /* CameraFocalReticule.h */ = {isa = PBXFileReference; fileEncoding = 4; lastKnownFileType = sourcecode.c.h; path = CameraFocalReticule.h; sourceTree = "<group>"; };
		B9180AD61D166DE800DEAFD4 /* CameraFocalReticule.m */ = {isa = PBXFileReference; fileEncoding = 4; lastKnownFileType = sourcecode.c.objc; path = CameraFocalReticule.m; sourceTree = "<group>"; };
		B9180AD71D166DE800DEAFD4 /* CameraShutterButton.h */ = {isa = PBXFileReference; fileEncoding = 4; lastKnownFileType = sourcecode.c.h; path = CameraShutterButton.h; sourceTree = "<group>"; };
		B9180AD81D166DE800DEAFD4 /* CameraShutterButton.m */ = {isa = PBXFileReference; fileEncoding = 4; lastKnownFileType = sourcecode.c.objc; path = CameraShutterButton.m; sourceTree = "<group>"; };
		B9180AD91D166DE800DEAFD4 /* CameraToggleButton.h */ = {isa = PBXFileReference; fileEncoding = 4; lastKnownFileType = sourcecode.c.h; path = CameraToggleButton.h; sourceTree = "<group>"; };
		B9180ADA1D166DE800DEAFD4 /* CameraToggleButton.m */ = {isa = PBXFileReference; fileEncoding = 4; lastKnownFileType = sourcecode.c.objc; path = CameraToggleButton.m; sourceTree = "<group>"; };
		B9180ADB1D166DE800DEAFD4 /* LaunchCameraButton.h */ = {isa = PBXFileReference; fileEncoding = 4; lastKnownFileType = sourcecode.c.h; path = LaunchCameraButton.h; sourceTree = "<group>"; };
		B9180ADC1D166DE800DEAFD4 /* LaunchCameraButton.m */ = {isa = PBXFileReference; fileEncoding = 4; lastKnownFileType = sourcecode.c.objc; path = LaunchCameraButton.m; sourceTree = "<group>"; };
		B9180ADD1D166DE800DEAFD4 /* Cool Camera Mockup.sketch */ = {isa = PBXFileReference; lastKnownFileType = file; path = "Cool Camera Mockup.sketch"; sourceTree = "<group>"; };
		B9180ADE1D166DE800DEAFD4 /* PaintCodeFile.pcvd */ = {isa = PBXFileReference; lastKnownFileType = file.bplist; path = PaintCodeFile.pcvd; sourceTree = "<group>"; };
		B9180AE01D166DE800DEAFD4 /* CameraStyleKitClass.h */ = {isa = PBXFileReference; fileEncoding = 4; lastKnownFileType = sourcecode.c.h; path = CameraStyleKitClass.h; sourceTree = "<group>"; };
		B9180AE11D166DE800DEAFD4 /* CameraStyleKitClass.m */ = {isa = PBXFileReference; fileEncoding = 4; lastKnownFileType = sourcecode.c.objc; path = CameraStyleKitClass.m; sourceTree = "<group>"; };
		B9180AE31D166DE800DEAFD4 /* CaptureSessionManager.h */ = {isa = PBXFileReference; fileEncoding = 4; lastKnownFileType = sourcecode.c.h; path = CaptureSessionManager.h; sourceTree = "<group>"; };
		B9180AE41D166DE800DEAFD4 /* CaptureSessionManager.m */ = {isa = PBXFileReference; fileEncoding = 4; lastKnownFileType = sourcecode.c.objc; path = CaptureSessionManager.m; sourceTree = "<group>"; };
		B9180AE51D166DE800DEAFD4 /* Constants.h */ = {isa = PBXFileReference; fileEncoding = 4; lastKnownFileType = sourcecode.c.h; path = Constants.h; sourceTree = "<group>"; };
		B9180AE61D166DE800DEAFD4 /* Constants.m */ = {isa = PBXFileReference; fileEncoding = 4; lastKnownFileType = sourcecode.c.objc; path = Constants.m; sourceTree = "<group>"; };
		B9180AF31D16700100DEAFD4 /* cameraView.swift */ = {isa = PBXFileReference; fileEncoding = 4; lastKnownFileType = sourcecode.swift; path = cameraView.swift; sourceTree = "<group>"; };
		B9180AF51D17BB8A00DEAFD4 /* postTOVC.swift */ = {isa = PBXFileReference; fileEncoding = 4; lastKnownFileType = sourcecode.swift; path = postTOVC.swift; sourceTree = "<group>"; };
		B9180AF71D17F92500DEAFD4 /* postCell.swift */ = {isa = PBXFileReference; fileEncoding = 4; lastKnownFileType = sourcecode.swift; path = postCell.swift; sourceTree = "<group>"; };
		B91FBC161CCA62B8004ABBCC /* LudipicsUpdated.app */ = {isa = PBXFileReference; explicitFileType = wrapper.application; includeInIndex = 0; path = LudipicsUpdated.app; sourceTree = BUILT_PRODUCTS_DIR; };
		B91FBC201CCA62BA004ABBCC /* Assets.xcassets */ = {isa = PBXFileReference; lastKnownFileType = folder.assetcatalog; path = Assets.xcassets; sourceTree = "<group>"; };
		B91FBC231CCA62BA004ABBCC /* Base */ = {isa = PBXFileReference; lastKnownFileType = file.storyboard; name = Base; path = Base.lproj/LaunchScreen.storyboard; sourceTree = "<group>"; };
		B91FBC251CCA62BA004ABBCC /* Info.plist */ = {isa = PBXFileReference; lastKnownFileType = text.plist.xml; path = Info.plist; sourceTree = "<group>"; };
		B91FBC2A1CCA62BA004ABBCC /* LudipicsUpdatedTests.xctest */ = {isa = PBXFileReference; explicitFileType = wrapper.cfbundle; includeInIndex = 0; path = LudipicsUpdatedTests.xctest; sourceTree = BUILT_PRODUCTS_DIR; };
		B91FBC2E1CCA62BA004ABBCC /* LudipicsUpdatedTests.swift */ = {isa = PBXFileReference; lastKnownFileType = sourcecode.swift; path = LudipicsUpdatedTests.swift; sourceTree = "<group>"; };
		B91FBC301CCA62BA004ABBCC /* Info.plist */ = {isa = PBXFileReference; lastKnownFileType = text.plist.xml; path = Info.plist; sourceTree = "<group>"; };
		B91FBC351CCA62BA004ABBCC /* LudipicsUpdatedUITests.xctest */ = {isa = PBXFileReference; explicitFileType = wrapper.cfbundle; includeInIndex = 0; path = LudipicsUpdatedUITests.xctest; sourceTree = BUILT_PRODUCTS_DIR; };
		B91FBC391CCA62BA004ABBCC /* LudipicsUpdatedUITests.swift */ = {isa = PBXFileReference; lastKnownFileType = sourcecode.swift; path = LudipicsUpdatedUITests.swift; sourceTree = "<group>"; };
		B91FBC3B1CCA62BA004ABBCC /* Info.plist */ = {isa = PBXFileReference; lastKnownFileType = text.plist.xml; path = Info.plist; sourceTree = "<group>"; };
		B91FBC471CCA639F004ABBCC /* LudipicsUpdated-BridgingHeader.h */ = {isa = PBXFileReference; lastKnownFileType = sourcecode.c.h; name = "LudipicsUpdated-BridgingHeader.h"; path = "LudipicsUpdated/LudipicsUpdated-BridgingHeader.h"; sourceTree = "<group>"; };
		B91FBC491CCA650A004ABBCC /* CameraFoundationVC.h */ = {isa = PBXFileReference; fileEncoding = 4; lastKnownFileType = sourcecode.c.h; path = CameraFoundationVC.h; sourceTree = "<group>"; };
		B91FBC4A1CCA650A004ABBCC /* CameraFoundationVC.m */ = {isa = PBXFileReference; fileEncoding = 4; lastKnownFileType = sourcecode.c.objc; path = CameraFoundationVC.m; sourceTree = "<group>"; };
		B91FBC691CCA8A48004ABBCC /* GroupVC.h */ = {isa = PBXFileReference; fileEncoding = 4; lastKnownFileType = sourcecode.c.h; path = GroupVC.h; sourceTree = "<group>"; };
		B91FBC6A1CCA8A48004ABBCC /* GroupVC.m */ = {isa = PBXFileReference; fileEncoding = 4; lastKnownFileType = sourcecode.c.objc; path = GroupVC.m; sourceTree = "<group>"; };
		B91FBC6E1CCA8AC9004ABBCC /* GroupTableCellVC.h */ = {isa = PBXFileReference; fileEncoding = 4; lastKnownFileType = sourcecode.c.h; path = GroupTableCellVC.h; sourceTree = "<group>"; };
		B91FBC6F1CCA8AC9004ABBCC /* GroupTableCellVC.m */ = {isa = PBXFileReference; fileEncoding = 4; lastKnownFileType = sourcecode.c.objc; path = GroupTableCellVC.m; sourceTree = "<group>"; };
		B91FBC731CCA95E7004ABBCC /* GroupVC.storyboard */ = {isa = PBXFileReference; fileEncoding = 4; lastKnownFileType = file.storyboard; path = GroupVC.storyboard; sourceTree = "<group>"; };
		B91FBC751CCA97B5004ABBCC /* logo.png */ = {isa = PBXFileReference; lastKnownFileType = image.png; name = logo.png; path = LudipicsUpdated/Assets.xcassets/logo.png; sourceTree = "<group>"; };
		B91FBC781CCA9AF2004ABBCC /* Base */ = {isa = PBXFileReference; lastKnownFileType = file.storyboard; name = Base; path = Base.lproj/Main.storyboard; sourceTree = "<group>"; };
		B92E847A1D0C4DC800591188 /* customTextField.swift */ = {isa = PBXFileReference; fileEncoding = 4; lastKnownFileType = sourcecode.swift; path = customTextField.swift; sourceTree = "<group>"; };
		B94C8EE41CD012B700324C89 /* TestViewController.swift */ = {isa = PBXFileReference; fileEncoding = 4; lastKnownFileType = sourcecode.swift; path = TestViewController.swift; sourceTree = "<group>"; };
		B94C90A91D09EB2E00745463 /* Discover.swift */ = {isa = PBXFileReference; fileEncoding = 4; lastKnownFileType = sourcecode.swift; path = Discover.swift; sourceTree = "<group>"; };
		B94C90AE1D0BBF3100745463 /* LoginView.swift */ = {isa = PBXFileReference; fileEncoding = 4; lastKnownFileType = sourcecode.swift; name = LoginView.swift; path = ../LoginView.swift; sourceTree = "<group>"; };
		B973054F1CCD3BE4000D5019 /* Parse.framework */ = {isa = PBXFileReference; lastKnownFileType = wrapper.framework; path = Parse.framework; sourceTree = "<group>"; };
		B97305511CCD3BEF000D5019 /* Bolts.framework */ = {isa = PBXFileReference; lastKnownFileType = wrapper.framework; path = Bolts.framework; sourceTree = "<group>"; };
		B97305531CCD3C28000D5019 /* AudioToolbox.framework */ = {isa = PBXFileReference; lastKnownFileType = wrapper.framework; name = AudioToolbox.framework; path = System/Library/Frameworks/AudioToolbox.framework; sourceTree = SDKROOT; };
		B97305551CCD3C2F000D5019 /* CFNetwork.framework */ = {isa = PBXFileReference; lastKnownFileType = wrapper.framework; name = CFNetwork.framework; path = System/Library/Frameworks/CFNetwork.framework; sourceTree = SDKROOT; };
		B97305571CCD3C38000D5019 /* CoreGraphics.framework */ = {isa = PBXFileReference; lastKnownFileType = wrapper.framework; name = CoreGraphics.framework; path = System/Library/Frameworks/CoreGraphics.framework; sourceTree = SDKROOT; };
		B97305591CCD3C3E000D5019 /* CoreLocation.framework */ = {isa = PBXFileReference; lastKnownFileType = wrapper.framework; name = CoreLocation.framework; path = System/Library/Frameworks/CoreLocation.framework; sourceTree = SDKROOT; };
		B973055B1CCD3C47000D5019 /* QuartzCore.framework */ = {isa = PBXFileReference; lastKnownFileType = wrapper.framework; name = QuartzCore.framework; path = System/Library/Frameworks/QuartzCore.framework; sourceTree = SDKROOT; };
		B973055D1CCD3C4F000D5019 /* Security.framework */ = {isa = PBXFileReference; lastKnownFileType = wrapper.framework; name = Security.framework; path = System/Library/Frameworks/Security.framework; sourceTree = SDKROOT; };
		B973055F1CCD3C55000D5019 /* StoreKit.framework */ = {isa = PBXFileReference; lastKnownFileType = wrapper.framework; name = StoreKit.framework; path = System/Library/Frameworks/StoreKit.framework; sourceTree = SDKROOT; };
		B97305611CCD3C5F000D5019 /* SystemConfiguration.framework */ = {isa = PBXFileReference; lastKnownFileType = wrapper.framework; name = SystemConfiguration.framework; path = System/Library/Frameworks/SystemConfiguration.framework; sourceTree = SDKROOT; };
		B97305631CCD3C67000D5019 /* libz.tbd */ = {isa = PBXFileReference; lastKnownFileType = "sourcecode.text-based-dylib-definition"; name = libz.tbd; path = usr/lib/libz.tbd; sourceTree = SDKROOT; };
		B97305651CCD3C71000D5019 /* libsqlite3.tbd */ = {isa = PBXFileReference; lastKnownFileType = "sourcecode.text-based-dylib-definition"; name = libsqlite3.tbd; path = usr/lib/libsqlite3.tbd; sourceTree = SDKROOT; };
		B98B818E1CCB2EC50030912D /* SignUpVC.swift */ = {isa = PBXFileReference; fileEncoding = 4; lastKnownFileType = sourcecode.swift; path = SignUpVC.swift; sourceTree = "<group>"; };
		B98B81921CCB2F040030912D /* SignUpVC.storyboard */ = {isa = PBXFileReference; fileEncoding = 4; lastKnownFileType = file.storyboard; path = SignUpVC.storyboard; sourceTree = "<group>"; };
		B98B81951CCB8D010030912D /* emailResponseVC.swift */ = {isa = PBXFileReference; fileEncoding = 4; lastKnownFileType = sourcecode.swift; path = emailResponseVC.swift; sourceTree = "<group>"; };
		B98B81971CCBA2F80030912D /* passwordResponseVC.swift */ = {isa = PBXFileReference; fileEncoding = 4; lastKnownFileType = sourcecode.swift; path = passwordResponseVC.swift; sourceTree = "<group>"; };
		B98B81991CCBC58E0030912D /* DateGenderVC.swift */ = {isa = PBXFileReference; fileEncoding = 4; lastKnownFileType = sourcecode.swift; path = DateGenderVC.swift; sourceTree = "<group>"; };
		B9A35B531CCC590800A03D39 /* AppDelegate.swift */ = {isa = PBXFileReference; fileEncoding = 4; lastKnownFileType = sourcecode.swift; path = AppDelegate.swift; sourceTree = "<group>"; };
/* End PBXFileReference section */

/* Begin PBXFrameworksBuildPhase section */
		B91FBC131CCA62B8004ABBCC /* Frameworks */ = {
			isa = PBXFrameworksBuildPhase;
			buildActionMask = 2147483647;
			files = (
				B20114B71D0CA00B0066F26D /* FBSDKLoginKit.framework in Frameworks */,
				B97305661CCD3C71000D5019 /* libsqlite3.tbd in Frameworks */,
				B97305641CCD3C67000D5019 /* libz.tbd in Frameworks */,
				B97305621CCD3C5F000D5019 /* SystemConfiguration.framework in Frameworks */,
				B97305601CCD3C55000D5019 /* StoreKit.framework in Frameworks */,
				B973055E1CCD3C4F000D5019 /* Security.framework in Frameworks */,
				B973055C1CCD3C47000D5019 /* QuartzCore.framework in Frameworks */,
				B973055A1CCD3C3E000D5019 /* CoreLocation.framework in Frameworks */,
				B97305581CCD3C38000D5019 /* CoreGraphics.framework in Frameworks */,
				B97305561CCD3C2F000D5019 /* CFNetwork.framework in Frameworks */,
				B97305541CCD3C28000D5019 /* AudioToolbox.framework in Frameworks */,
				B20114B81D0CA00B0066F26D /* FBSDKShareKit.framework in Frameworks */,
				B20114B61D0CA00B0066F26D /* FBSDKCoreKit.framework in Frameworks */,
				B97305501CCD3BE4000D5019 /* Parse.framework in Frameworks */,
				B97305521CCD3BEF000D5019 /* Bolts.framework in Frameworks */,
			);
			runOnlyForDeploymentPostprocessing = 0;
		};
		B91FBC271CCA62BA004ABBCC /* Frameworks */ = {
			isa = PBXFrameworksBuildPhase;
			buildActionMask = 2147483647;
			files = (
			);
			runOnlyForDeploymentPostprocessing = 0;
		};
		B91FBC321CCA62BA004ABBCC /* Frameworks */ = {
			isa = PBXFrameworksBuildPhase;
			buildActionMask = 2147483647;
			files = (
			);
			runOnlyForDeploymentPostprocessing = 0;
		};
/* End PBXFrameworksBuildPhase section */

/* Begin PBXGroup section */
		B20114921D0BA1570066F26D /* Tab Bar Icons */ = {
			isa = PBXGroup;
			children = (
			);
			name = "Tab Bar Icons";
			sourceTree = "<group>";
		};
		B20114A31D0BAC0B0066F26D /* ProfileVC */ = {
			isa = PBXGroup;
			children = (
			);
			name = ProfileVC;
			sourceTree = "<group>";
		};
		B20114A41D0BACCC0066F26D /* LeaderboardVC */ = {
			isa = PBXGroup;
			children = (
				B24E46B71D18D92F008820A9 /* RKSwipeBetweenViewControllers.h */,
				B24E46B81D18D943008820A9 /* RKSwipeBetweenViewControllers.m */,
				B20114A51D0BB1A00066F26D /* LBViewController.swift */,
			);
			name = LeaderboardVC;
			sourceTree = "<group>";
		};
		B9093D451CD82BBA000C75AC /* Camera */ = {
			isa = PBXGroup;
			children = (
			);
			name = Camera;
			sourceTree = "<group>";
		};
		B9180ACB1D166DE800DEAFD4 /* CameraLudipicsModule */ = {
			isa = PBXGroup;
			children = (
				B9180ACC1D166DE800DEAFD4 /* Don't Modify */,
				B9180ACF1D166DE800DEAFD4 /* Don't Modify */,
				B9180AE21D166DE800DEAFD4 /* Custom Model NOModify */,
			);
			name = CameraLudipicsModule;
			path = CustomizableCamera;
			sourceTree = "<group>";
		};
		B9180ACC1D166DE800DEAFD4 /* Don't Modify */ = {
			isa = PBXGroup;
			children = (
				B9180ACD1D166DE800DEAFD4 /* CameraSessionView.h */,
				B9180ACE1D166DE800DEAFD4 /* CameraSessionView.m */,
			);
			name = "Don't Modify";
			path = "Camera View";
			sourceTree = "<group>";
		};
		B9180ACF1D166DE800DEAFD4 /* Don't Modify */ = {
			isa = PBXGroup;
			children = (
				B9180AD01D166DE800DEAFD4 /* CameraViewComponents */,
				B9180ADD1D166DE800DEAFD4 /* Cool Camera Mockup.sketch */,
				B9180ADE1D166DE800DEAFD4 /* PaintCodeFile.pcvd */,
				B9180ADF1D166DE800DEAFD4 /* UI Assets */,
			);
			name = "Don't Modify";
			path = "Graphical Assets";
			sourceTree = "<group>";
		};
		B9180AD01D166DE800DEAFD4 /* CameraViewComponents */ = {
			isa = PBXGroup;
			children = (
				B9180AD11D166DE800DEAFD4 /* CameraDismissButton.h */,
				B9180AD21D166DE800DEAFD4 /* CameraDismissButton.m */,
				B9180AD31D166DE800DEAFD4 /* CameraFlashButton.h */,
				B9180AD41D166DE800DEAFD4 /* CameraFlashButton.m */,
				B9180AD51D166DE800DEAFD4 /* CameraFocalReticule.h */,
				B9180AD61D166DE800DEAFD4 /* CameraFocalReticule.m */,
				B9180AD71D166DE800DEAFD4 /* CameraShutterButton.h */,
				B9180AD81D166DE800DEAFD4 /* CameraShutterButton.m */,
				B9180AD91D166DE800DEAFD4 /* CameraToggleButton.h */,
				B9180ADA1D166DE800DEAFD4 /* CameraToggleButton.m */,
				B9180ADB1D166DE800DEAFD4 /* LaunchCameraButton.h */,
				B9180ADC1D166DE800DEAFD4 /* LaunchCameraButton.m */,
			);
			path = CameraViewComponents;
			sourceTree = "<group>";
		};
		B9180ADF1D166DE800DEAFD4 /* UI Assets */ = {
			isa = PBXGroup;
			children = (
				B9180AE01D166DE800DEAFD4 /* CameraStyleKitClass.h */,
				B9180AE11D166DE800DEAFD4 /* CameraStyleKitClass.m */,
			);
			path = "UI Assets";
			sourceTree = "<group>";
		};
		B9180AE21D166DE800DEAFD4 /* Custom Model NOModify */ = {
			isa = PBXGroup;
			children = (
				B9180AE31D166DE800DEAFD4 /* CaptureSessionManager.h */,
				B9180AE41D166DE800DEAFD4 /* CaptureSessionManager.m */,
				B9180AE51D166DE800DEAFD4 /* Constants.h */,
				B9180AE61D166DE800DEAFD4 /* Constants.m */,
			);
			name = "Custom Model NOModify";
			path = "Model Classes";
			sourceTree = "<group>";
		};
		B91FBC0D1CCA62B8004ABBCC = {
			isa = PBXGroup;
			children = (
				B9093D451CD82BBA000C75AC /* Camera */,
				B91FBC481CCA63C4004ABBCC /* ObjSupportFiles */,
				B91FBC181CCA62BA004ABBCC /* LudipicsUpdated */,
				B91FBC2D1CCA62BA004ABBCC /* LudipicsUpdatedTests */,
				B91FBC381CCA62BA004ABBCC /* LudipicsUpdatedUITests */,
				B91FBC171CCA62B8004ABBCC /* Products */,
				B91FBCD21CCACC49004ABBCC /* Frameworks */,
			);
			sourceTree = "<group>";
		};
		B91FBC171CCA62B8004ABBCC /* Products */ = {
			isa = PBXGroup;
			children = (
				B91FBC161CCA62B8004ABBCC /* LudipicsUpdated.app */,
				B91FBC2A1CCA62BA004ABBCC /* LudipicsUpdatedTests.xctest */,
				B91FBC351CCA62BA004ABBCC /* LudipicsUpdatedUITests.xctest */,
			);
			name = Products;
			sourceTree = "<group>";
		};
		B91FBC181CCA62BA004ABBCC /* LudipicsUpdated */ = {
			isa = PBXGroup;
			children = (
				B91FBC221CCA62BA004ABBCC /* LaunchScreen.storyboard */,
				B91FBC201CCA62BA004ABBCC /* Assets.xcassets */,
				B91FBC251CCA62BA004ABBCC /* Info.plist */,
				B98B81941CCB2F350030912D /* Main FIles */,
				B98B818D1CCB2E570030912D /* SignUpVC */,
			);
			path = LudipicsUpdated;
			sourceTree = "<group>";
		};
		B91FBC2D1CCA62BA004ABBCC /* LudipicsUpdatedTests */ = {
			isa = PBXGroup;
			children = (
				B91FBC2E1CCA62BA004ABBCC /* LudipicsUpdatedTests.swift */,
				B91FBC301CCA62BA004ABBCC /* Info.plist */,
			);
			path = LudipicsUpdatedTests;
			sourceTree = "<group>";
		};
		B91FBC381CCA62BA004ABBCC /* LudipicsUpdatedUITests */ = {
			isa = PBXGroup;
			children = (
				B91FBC391CCA62BA004ABBCC /* LudipicsUpdatedUITests.swift */,
				B91FBC3B1CCA62BA004ABBCC /* Info.plist */,
			);
			path = LudipicsUpdatedUITests;
			sourceTree = "<group>";
		};
		B91FBC481CCA63C4004ABBCC /* ObjSupportFiles */ = {
			isa = PBXGroup;
			children = (
				B20114A41D0BACCC0066F26D /* LeaderboardVC */,
				B20114A31D0BAC0B0066F26D /* ProfileVC */,
				B91FBC751CCA97B5004ABBCC /* logo.png */,
				B91FBC471CCA639F004ABBCC /* LudipicsUpdated-BridgingHeader.h */,
				B91FBC5C1CCA8785004ABBCC /* CameraVC */,
				B91FBC5E1CCA87DC004ABBCC /* GroupTable */,
			);
			name = ObjSupportFiles;
			sourceTree = "<group>";
		};
		B91FBC5C1CCA8785004ABBCC /* CameraVC */ = {
			isa = PBXGroup;
			children = (
				B91FBC491CCA650A004ABBCC /* CameraFoundationVC.h */,
				B91FBC4A1CCA650A004ABBCC /* CameraFoundationVC.m */,
			);
			name = CameraVC;
			sourceTree = "<group>";
		};
		B91FBC5D1CCA87C5004ABBCC /* GroupVC */ = {
			isa = PBXGroup;
			children = (
				B20C53D41D1A2AC60077C8AC /* LeaderboardVC.h */,
				B91FBC691CCA8A48004ABBCC /* GroupVC.h */,
				B94C90A91D09EB2E00745463 /* Discover.swift */,
				B9180ACB1D166DE800DEAFD4 /* CameraLudipicsModule */,
				B20114921D0BA1570066F26D /* Tab Bar Icons */,
				B94C8EE41CD012B700324C89 /* TestViewController.swift */,
				B91FBC6A1CCA8A48004ABBCC /* GroupVC.m */,
				B9180AF31D16700100DEAFD4 /* cameraView.swift */,
				B9180AF71D17F92500DEAFD4 /* postCell.swift */,
				B20C53D51D1A2AC60077C8AC /* LeaderboardVC.m */,
				B9180AF51D17BB8A00DEAFD4 /* postTOVC.swift */,
				B91FBC731CCA95E7004ABBCC /* GroupVC.storyboard */,
			);
			name = GroupVC;
			path = ..;
			sourceTree = "<group>";
		};
		B91FBC5E1CCA87DC004ABBCC /* GroupTable */ = {
			isa = PBXGroup;
			children = (
				B91FBC6E1CCA8AC9004ABBCC /* GroupTableCellVC.h */,
				B91FBC6F1CCA8AC9004ABBCC /* GroupTableCellVC.m */,
			);
			name = GroupTable;
			sourceTree = "<group>";
		};
		B91FBCD21CCACC49004ABBCC /* Frameworks */ = {
			isa = PBXGroup;
			children = (
				B20114B31D0CA00B0066F26D /* FBSDKCoreKit.framework */,
				B20114B41D0CA00B0066F26D /* FBSDKLoginKit.framework */,
				B20114B51D0CA00B0066F26D /* FBSDKShareKit.framework */,
				B97305651CCD3C71000D5019 /* libsqlite3.tbd */,
				B97305631CCD3C67000D5019 /* libz.tbd */,
				B97305611CCD3C5F000D5019 /* SystemConfiguration.framework */,
				B973055F1CCD3C55000D5019 /* StoreKit.framework */,
				B973055D1CCD3C4F000D5019 /* Security.framework */,
				B973055B1CCD3C47000D5019 /* QuartzCore.framework */,
				B97305591CCD3C3E000D5019 /* CoreLocation.framework */,
				B97305571CCD3C38000D5019 /* CoreGraphics.framework */,
				B97305551CCD3C2F000D5019 /* CFNetwork.framework */,
				B97305531CCD3C28000D5019 /* AudioToolbox.framework */,
				B97305511CCD3BEF000D5019 /* Bolts.framework */,
				B973054F1CCD3BE4000D5019 /* Parse.framework */,
			);
			name = Frameworks;
			sourceTree = "<group>";
		};
		B98B818D1CCB2E570030912D /* SignUpVC */ = {
			isa = PBXGroup;
			children = (
				B98B818E1CCB2EC50030912D /* SignUpVC.swift */,
				B98B81951CCB8D010030912D /* emailResponseVC.swift */,
				B98B81991CCBC58E0030912D /* DateGenderVC.swift */,
				B98B81921CCB2F040030912D /* SignUpVC.storyboard */,
				B98B81971CCBA2F80030912D /* passwordResponseVC.swift */,
			);
			name = SignUpVC;
			path = ..;
			sourceTree = "<group>";
		};
		B98B81941CCB2F350030912D /* Main FIles */ = {
			isa = PBXGroup;
			children = (
				B92E847A1D0C4DC800591188 /* customTextField.swift */,
				B9A35B531CCC590800A03D39 /* AppDelegate.swift */,
				B91FBC771CCA9AF2004ABBCC /* Main.storyboard */,
				B94C90AE1D0BBF3100745463 /* LoginView.swift */,
				B91FBC5D1CCA87C5004ABBCC /* GroupVC */,
			);
			name = "Main FIles";
			sourceTree = "<group>";
		};
/* End PBXGroup section */

/* Begin PBXNativeTarget section */
		B91FBC151CCA62B8004ABBCC /* LudipicsUpdated */ = {
			isa = PBXNativeTarget;
			buildConfigurationList = B91FBC3E1CCA62BA004ABBCC /* Build configuration list for PBXNativeTarget "LudipicsUpdated" */;
			buildPhases = (
				B91FBC121CCA62B8004ABBCC /* Sources */,
				B91FBC131CCA62B8004ABBCC /* Frameworks */,
				B91FBC141CCA62B8004ABBCC /* Resources */,
			);
			buildRules = (
			);
			dependencies = (
			);
			name = LudipicsUpdated;
			productName = LudipicsUpdated;
			productReference = B91FBC161CCA62B8004ABBCC /* LudipicsUpdated.app */;
			productType = "com.apple.product-type.application";
		};
		B91FBC291CCA62BA004ABBCC /* LudipicsUpdatedTests */ = {
			isa = PBXNativeTarget;
			buildConfigurationList = B91FBC411CCA62BA004ABBCC /* Build configuration list for PBXNativeTarget "LudipicsUpdatedTests" */;
			buildPhases = (
				B91FBC261CCA62BA004ABBCC /* Sources */,
				B91FBC271CCA62BA004ABBCC /* Frameworks */,
				B91FBC281CCA62BA004ABBCC /* Resources */,
			);
			buildRules = (
			);
			dependencies = (
				B91FBC2C1CCA62BA004ABBCC /* PBXTargetDependency */,
			);
			name = LudipicsUpdatedTests;
			productName = LudipicsUpdatedTests;
			productReference = B91FBC2A1CCA62BA004ABBCC /* LudipicsUpdatedTests.xctest */;
			productType = "com.apple.product-type.bundle.unit-test";
		};
		B91FBC341CCA62BA004ABBCC /* LudipicsUpdatedUITests */ = {
			isa = PBXNativeTarget;
			buildConfigurationList = B91FBC441CCA62BA004ABBCC /* Build configuration list for PBXNativeTarget "LudipicsUpdatedUITests" */;
			buildPhases = (
				B91FBC311CCA62BA004ABBCC /* Sources */,
				B91FBC321CCA62BA004ABBCC /* Frameworks */,
				B91FBC331CCA62BA004ABBCC /* Resources */,
			);
			buildRules = (
			);
			dependencies = (
				B91FBC371CCA62BA004ABBCC /* PBXTargetDependency */,
			);
			name = LudipicsUpdatedUITests;
			productName = LudipicsUpdatedUITests;
			productReference = B91FBC351CCA62BA004ABBCC /* LudipicsUpdatedUITests.xctest */;
			productType = "com.apple.product-type.bundle.ui-testing";
		};
/* End PBXNativeTarget section */

/* Begin PBXProject section */
		B91FBC0E1CCA62B8004ABBCC /* Project object */ = {
			isa = PBXProject;
			attributes = {
				LastSwiftUpdateCheck = 0730;
				LastUpgradeCheck = 0730;
				ORGANIZATIONNAME = "Akshansh Thakur";
				TargetAttributes = {
					B91FBC151CCA62B8004ABBCC = {
						CreatedOnToolsVersion = 7.3;
						DevelopmentTeam = G547D7BDTT;
					};
					B91FBC291CCA62BA004ABBCC = {
						CreatedOnToolsVersion = 7.3;
						DevelopmentTeam = 6VBJQ92VR9;
						TestTargetID = B91FBC151CCA62B8004ABBCC;
					};
					B91FBC341CCA62BA004ABBCC = {
						CreatedOnToolsVersion = 7.3;
						DevelopmentTeam = 6VBJQ92VR9;
						TestTargetID = B91FBC151CCA62B8004ABBCC;
					};
				};
			};
			buildConfigurationList = B91FBC111CCA62B8004ABBCC /* Build configuration list for PBXProject "LudipicsUpdated" */;
			compatibilityVersion = "Xcode 3.2";
			developmentRegion = English;
			hasScannedForEncodings = 0;
			knownRegions = (
				en,
				Base,
			);
			mainGroup = B91FBC0D1CCA62B8004ABBCC;
			productRefGroup = B91FBC171CCA62B8004ABBCC /* Products */;
			projectDirPath = "";
			projectRoot = "";
			targets = (
				B91FBC151CCA62B8004ABBCC /* LudipicsUpdated */,
				B91FBC291CCA62BA004ABBCC /* LudipicsUpdatedTests */,
				B91FBC341CCA62BA004ABBCC /* LudipicsUpdatedUITests */,
			);
		};
/* End PBXProject section */

/* Begin PBXResourcesBuildPhase section */
		B91FBC141CCA62B8004ABBCC /* Resources */ = {
			isa = PBXResourcesBuildPhase;
			buildActionMask = 2147483647;
			files = (
				B91FBC761CCA97B5004ABBCC /* logo.png in Resources */,
				B9180AEE1D166DE800DEAFD4 /* Cool Camera Mockup.sketch in Resources */,
				B91FBC791CCA9AF2004ABBCC /* Main.storyboard in Resources */,
				B91FBC241CCA62BA004ABBCC /* LaunchScreen.storyboard in Resources */,
				B9180AEF1D166DE800DEAFD4 /* PaintCodeFile.pcvd in Resources */,
				B98B81931CCB2F040030912D /* SignUpVC.storyboard in Resources */,
				B91FBC741CCA95E7004ABBCC /* GroupVC.storyboard in Resources */,
				B91FBC211CCA62BA004ABBCC /* Assets.xcassets in Resources */,
			);
			runOnlyForDeploymentPostprocessing = 0;
		};
		B91FBC281CCA62BA004ABBCC /* Resources */ = {
			isa = PBXResourcesBuildPhase;
			buildActionMask = 2147483647;
			files = (
			);
			runOnlyForDeploymentPostprocessing = 0;
		};
		B91FBC331CCA62BA004ABBCC /* Resources */ = {
			isa = PBXResourcesBuildPhase;
			buildActionMask = 2147483647;
			files = (
			);
			runOnlyForDeploymentPostprocessing = 0;
		};
/* End PBXResourcesBuildPhase section */

/* Begin PBXSourcesBuildPhase section */
		B91FBC121CCA62B8004ABBCC /* Sources */ = {
			isa = PBXSourcesBuildPhase;
			buildActionMask = 2147483647;
			files = (
				B9180AF61D17BB8B00DEAFD4 /* postTOVC.swift in Sources */,
				B20114A61D0BB1A00066F26D /* LBViewController.swift in Sources */,
				B98B819A1CCBC58E0030912D /* DateGenderVC.swift in Sources */,
				B9180AF81D17F92600DEAFD4 /* postCell.swift in Sources */,
				B9180AE91D166DE800DEAFD4 /* CameraFlashButton.m in Sources */,
				B94C8EE51CD012B700324C89 /* TestViewController.swift in Sources */,
				B9180AF21D166DE800DEAFD4 /* Constants.m in Sources */,
				B9180AF11D166DE800DEAFD4 /* CaptureSessionManager.m in Sources */,
				B91FBC4B1CCA650A004ABBCC /* CameraFoundationVC.m in Sources */,
				B9180AE81D166DE800DEAFD4 /* CameraDismissButton.m in Sources */,
				B9180AEA1D166DE800DEAFD4 /* CameraFocalReticule.m in Sources */,
				B9180AE71D166DE800DEAFD4 /* CameraSessionView.m in Sources */,
				B20C53D61D1A2AC60077C8AC /* LeaderboardVC.m in Sources */,
				B9180AF01D166DE800DEAFD4 /* CameraStyleKitClass.m in Sources */,
				B91FBC6C1CCA8A48004ABBCC /* GroupVC.m in Sources */,
				B98B81961CCB8D020030912D /* emailResponseVC.swift in Sources */,
				B24E46B91D18D943008820A9 /* RKSwipeBetweenViewControllers.m in Sources */,
				B98B81901CCB2EC50030912D /* SignUpVC.swift in Sources */,
				B92E847B1D0C4DC800591188 /* customTextField.swift in Sources */,
				B94C90AA1D09EB2E00745463 /* Discover.swift in Sources */,
				B9180AED1D166DE800DEAFD4 /* LaunchCameraButton.m in Sources */,
				B9180AF41D16700100DEAFD4 /* cameraView.swift in Sources */,
				B98B81981CCBA2F80030912D /* passwordResponseVC.swift in Sources */,
				B9180AEB1D166DE800DEAFD4 /* CameraShutterButton.m in Sources */,
				B94C90AF1D0BBF3200745463 /* LoginView.swift in Sources */,
				B9180AEC1D166DE800DEAFD4 /* CameraToggleButton.m in Sources */,
				B9A35B541CCC590800A03D39 /* AppDelegate.swift in Sources */,
				B91FBC711CCA8AC9004ABBCC /* GroupTableCellVC.m in Sources */,
			);
			runOnlyForDeploymentPostprocessing = 0;
		};
		B91FBC261CCA62BA004ABBCC /* Sources */ = {
			isa = PBXSourcesBuildPhase;
			buildActionMask = 2147483647;
			files = (
				B91FBC2F1CCA62BA004ABBCC /* LudipicsUpdatedTests.swift in Sources */,
			);
			runOnlyForDeploymentPostprocessing = 0;
		};
		B91FBC311CCA62BA004ABBCC /* Sources */ = {
			isa = PBXSourcesBuildPhase;
			buildActionMask = 2147483647;
			files = (
				B91FBC3A1CCA62BA004ABBCC /* LudipicsUpdatedUITests.swift in Sources */,
			);
			runOnlyForDeploymentPostprocessing = 0;
		};
/* End PBXSourcesBuildPhase section */

/* Begin PBXTargetDependency section */
		B91FBC2C1CCA62BA004ABBCC /* PBXTargetDependency */ = {
			isa = PBXTargetDependency;
			target = B91FBC151CCA62B8004ABBCC /* LudipicsUpdated */;
			targetProxy = B91FBC2B1CCA62BA004ABBCC /* PBXContainerItemProxy */;
		};
		B91FBC371CCA62BA004ABBCC /* PBXTargetDependency */ = {
			isa = PBXTargetDependency;
			target = B91FBC151CCA62B8004ABBCC /* LudipicsUpdated */;
			targetProxy = B91FBC361CCA62BA004ABBCC /* PBXContainerItemProxy */;
		};
/* End PBXTargetDependency section */

/* Begin PBXVariantGroup section */
		B91FBC221CCA62BA004ABBCC /* LaunchScreen.storyboard */ = {
			isa = PBXVariantGroup;
			children = (
				B91FBC231CCA62BA004ABBCC /* Base */,
			);
			name = LaunchScreen.storyboard;
			sourceTree = "<group>";
		};
		B91FBC771CCA9AF2004ABBCC /* Main.storyboard */ = {
			isa = PBXVariantGroup;
			children = (
				B91FBC781CCA9AF2004ABBCC /* Base */,
			);
			name = Main.storyboard;
			sourceTree = "<group>";
		};
/* End PBXVariantGroup section */

/* Begin XCBuildConfiguration section */
		B91FBC3C1CCA62BA004ABBCC /* Debug */ = {
			isa = XCBuildConfiguration;
			buildSettings = {
				ALWAYS_SEARCH_USER_PATHS = NO;
				CLANG_ANALYZER_NONNULL = YES;
				CLANG_CXX_LANGUAGE_STANDARD = "gnu++0x";
				CLANG_CXX_LIBRARY = "libc++";
				CLANG_ENABLE_MODULES = YES;
				CLANG_ENABLE_OBJC_ARC = YES;
				CLANG_WARN_BOOL_CONVERSION = YES;
				CLANG_WARN_CONSTANT_CONVERSION = YES;
				CLANG_WARN_DIRECT_OBJC_ISA_USAGE = YES_ERROR;
				CLANG_WARN_EMPTY_BODY = YES;
				CLANG_WARN_ENUM_CONVERSION = YES;
				CLANG_WARN_INT_CONVERSION = YES;
				CLANG_WARN_OBJC_ROOT_CLASS = YES_ERROR;
				CLANG_WARN_UNREACHABLE_CODE = YES;
				CLANG_WARN__DUPLICATE_METHOD_MATCH = YES;
				"CODE_SIGN_IDENTITY[sdk=iphoneos*]" = "iPhone Developer";
				COPY_PHASE_STRIP = NO;
				DEBUG_INFORMATION_FORMAT = dwarf;
				ENABLE_STRICT_OBJC_MSGSEND = YES;
				ENABLE_TESTABILITY = YES;
				GCC_C_LANGUAGE_STANDARD = gnu99;
				GCC_DYNAMIC_NO_PIC = NO;
				GCC_NO_COMMON_BLOCKS = YES;
				GCC_OPTIMIZATION_LEVEL = 0;
				GCC_PREPROCESSOR_DEFINITIONS = (
					"DEBUG=1",
					"$(inherited)",
				);
				GCC_WARN_64_TO_32_BIT_CONVERSION = YES;
				GCC_WARN_ABOUT_RETURN_TYPE = YES_ERROR;
				GCC_WARN_UNDECLARED_SELECTOR = YES;
				GCC_WARN_UNINITIALIZED_AUTOS = YES_AGGRESSIVE;
				GCC_WARN_UNUSED_FUNCTION = YES;
				GCC_WARN_UNUSED_VARIABLE = YES;
				IPHONEOS_DEPLOYMENT_TARGET = 9.3;
				MTL_ENABLE_DEBUG_INFO = YES;
				ONLY_ACTIVE_ARCH = YES;
				SDKROOT = iphoneos;
				SWIFT_OPTIMIZATION_LEVEL = "-Onone";
				TARGETED_DEVICE_FAMILY = "1,2";
			};
			name = Debug;
		};
		B91FBC3D1CCA62BA004ABBCC /* Release */ = {
			isa = XCBuildConfiguration;
			buildSettings = {
				ALWAYS_SEARCH_USER_PATHS = NO;
				CLANG_ANALYZER_NONNULL = YES;
				CLANG_CXX_LANGUAGE_STANDARD = "gnu++0x";
				CLANG_CXX_LIBRARY = "libc++";
				CLANG_ENABLE_MODULES = YES;
				CLANG_ENABLE_OBJC_ARC = YES;
				CLANG_WARN_BOOL_CONVERSION = YES;
				CLANG_WARN_CONSTANT_CONVERSION = YES;
				CLANG_WARN_DIRECT_OBJC_ISA_USAGE = YES_ERROR;
				CLANG_WARN_EMPTY_BODY = YES;
				CLANG_WARN_ENUM_CONVERSION = YES;
				CLANG_WARN_INT_CONVERSION = YES;
				CLANG_WARN_OBJC_ROOT_CLASS = YES_ERROR;
				CLANG_WARN_UNREACHABLE_CODE = YES;
				CLANG_WARN__DUPLICATE_METHOD_MATCH = YES;
				"CODE_SIGN_IDENTITY[sdk=iphoneos*]" = "iPhone Developer";
				COPY_PHASE_STRIP = NO;
				DEBUG_INFORMATION_FORMAT = "dwarf-with-dsym";
				ENABLE_NS_ASSERTIONS = NO;
				ENABLE_STRICT_OBJC_MSGSEND = YES;
				GCC_C_LANGUAGE_STANDARD = gnu99;
				GCC_NO_COMMON_BLOCKS = YES;
				GCC_WARN_64_TO_32_BIT_CONVERSION = YES;
				GCC_WARN_ABOUT_RETURN_TYPE = YES_ERROR;
				GCC_WARN_UNDECLARED_SELECTOR = YES;
				GCC_WARN_UNINITIALIZED_AUTOS = YES_AGGRESSIVE;
				GCC_WARN_UNUSED_FUNCTION = YES;
				GCC_WARN_UNUSED_VARIABLE = YES;
				IPHONEOS_DEPLOYMENT_TARGET = 9.3;
				MTL_ENABLE_DEBUG_INFO = NO;
				SDKROOT = iphoneos;
				TARGETED_DEVICE_FAMILY = "1,2";
				VALIDATE_PRODUCT = YES;
			};
			name = Release;
		};
		B91FBC3F1CCA62BA004ABBCC /* Debug */ = {
			isa = XCBuildConfiguration;
			buildSettings = {
				ASSETCATALOG_COMPILER_APPICON_NAME = AppIcon;
				CODE_SIGN_IDENTITY = "iPhone Developer";
				"CODE_SIGN_IDENTITY[sdk=iphoneos*]" = "iPhone Developer";
				DEFINES_MODULE = NO;
				EMBEDDED_CONTENT_CONTAINS_SWIFT = NO;
				FRAMEWORK_SEARCH_PATHS = (
					"$(PROJECT_DIR)",
					/Users/akshanshthakur/Documents/FacebookSDK,
				);
				INFOPLIST_FILE = LudipicsUpdated/Info.plist;
				LD_RUNPATH_SEARCH_PATHS = "$(inherited) @executable_path/Frameworks";
				PRODUCT_BUNDLE_IDENTIFIER = Akshansh.LudipicsU;
				PRODUCT_NAME = "$(TARGET_NAME)";
				PROVISIONING_PROFILE = "";
				SWIFT_OBJC_BRIDGING_HEADER = "LudipicsUpdated/LudipicsUpdated-BridgingHeader.h";
			};
			name = Debug;
		};
		B91FBC401CCA62BA004ABBCC /* Release */ = {
			isa = XCBuildConfiguration;
			buildSettings = {
				ASSETCATALOG_COMPILER_APPICON_NAME = AppIcon;
				CODE_SIGN_IDENTITY = "iPhone Developer";
				"CODE_SIGN_IDENTITY[sdk=iphoneos*]" = "iPhone Developer";
				DEFINES_MODULE = NO;
				EMBEDDED_CONTENT_CONTAINS_SWIFT = NO;
				FRAMEWORK_SEARCH_PATHS = (
					"$(PROJECT_DIR)",
					/Users/akshanshthakur/Documents/FacebookSDK,
				);
				INFOPLIST_FILE = LudipicsUpdated/Info.plist;
				LD_RUNPATH_SEARCH_PATHS = "$(inherited) @executable_path/Frameworks";
				PRODUCT_BUNDLE_IDENTIFIER = Akshansh.LudipicsU;
				PRODUCT_NAME = "$(TARGET_NAME)";
				PROVISIONING_PROFILE = "";
				SWIFT_OBJC_BRIDGING_HEADER = "LudipicsUpdated/LudipicsUpdated-BridgingHeader.h";
			};
			name = Release;
		};
		B91FBC421CCA62BA004ABBCC /* Debug */ = {
			isa = XCBuildConfiguration;
			buildSettings = {
				BUNDLE_LOADER = "$(TEST_HOST)";
				INFOPLIST_FILE = LudipicsUpdatedTests/Info.plist;
				LD_RUNPATH_SEARCH_PATHS = "$(inherited) @executable_path/Frameworks @loader_path/Frameworks";
				PRODUCT_BUNDLE_IDENTIFIER = Akshansh.LudipicsUpdatedTests;
				PRODUCT_NAME = "$(TARGET_NAME)";
				TEST_HOST = "$(BUILT_PRODUCTS_DIR)/LudipicsUpdated.app/LudipicsUpdated";
			};
			name = Debug;
		};
		B91FBC431CCA62BA004ABBCC /* Release */ = {
			isa = XCBuildConfiguration;
			buildSettings = {
				BUNDLE_LOADER = "$(TEST_HOST)";
				INFOPLIST_FILE = LudipicsUpdatedTests/Info.plist;
				LD_RUNPATH_SEARCH_PATHS = "$(inherited) @executable_path/Frameworks @loader_path/Frameworks";
				PRODUCT_BUNDLE_IDENTIFIER = Akshansh.LudipicsUpdatedTests;
				PRODUCT_NAME = "$(TARGET_NAME)";
				TEST_HOST = "$(BUILT_PRODUCTS_DIR)/LudipicsUpdated.app/LudipicsUpdated";
			};
			name = Release;
		};
		B91FBC451CCA62BA004ABBCC /* Debug */ = {
			isa = XCBuildConfiguration;
			buildSettings = {
				INFOPLIST_FILE = LudipicsUpdatedUITests/Info.plist;
				LD_RUNPATH_SEARCH_PATHS = "$(inherited) @executable_path/Frameworks @loader_path/Frameworks";
				PRODUCT_BUNDLE_IDENTIFIER = Akshansh.LudipicsUpdatedUITests;
				PRODUCT_NAME = "$(TARGET_NAME)";
				TEST_TARGET_NAME = LudipicsUpdated;
			};
			name = Debug;
		};
		B91FBC461CCA62BA004ABBCC /* Release */ = {
			isa = XCBuildConfiguration;
			buildSettings = {
				INFOPLIST_FILE = LudipicsUpdatedUITests/Info.plist;
				LD_RUNPATH_SEARCH_PATHS = "$(inherited) @executable_path/Frameworks @loader_path/Frameworks";
				PRODUCT_BUNDLE_IDENTIFIER = Akshansh.LudipicsUpdatedUITests;
				PRODUCT_NAME = "$(TARGET_NAME)";
				TEST_TARGET_NAME = LudipicsUpdated;
			};
			name = Release;
		};
/* End XCBuildConfiguration section */

/* Begin XCConfigurationList section */
		B91FBC111CCA62B8004ABBCC /* Build configuration list for PBXProject "LudipicsUpdated" */ = {
			isa = XCConfigurationList;
			buildConfigurations = (
				B91FBC3C1CCA62BA004ABBCC /* Debug */,
				B91FBC3D1CCA62BA004ABBCC /* Release */,
			);
			defaultConfigurationIsVisible = 0;
			defaultConfigurationName = Release;
		};
		B91FBC3E1CCA62BA004ABBCC /* Build configuration list for PBXNativeTarget "LudipicsUpdated" */ = {
			isa = XCConfigurationList;
			buildConfigurations = (
				B91FBC3F1CCA62BA004ABBCC /* Debug */,
				B91FBC401CCA62BA004ABBCC /* Release */,
			);
			defaultConfigurationIsVisible = 0;
			defaultConfigurationName = Release;
		};
		B91FBC411CCA62BA004ABBCC /* Build configuration list for PBXNativeTarget "LudipicsUpdatedTests" */ = {
			isa = XCConfigurationList;
			buildConfigurations = (
				B91FBC421CCA62BA004ABBCC /* Debug */,
				B91FBC431CCA62BA004ABBCC /* Release */,
			);
			defaultConfigurationIsVisible = 0;
			defaultConfigurationName = Release;
		};
		B91FBC441CCA62BA004ABBCC /* Build configuration list for PBXNativeTarget "LudipicsUpdatedUITests" */ = {
			isa = XCConfigurationList;
			buildConfigurations = (
				B91FBC451CCA62BA004ABBCC /* Debug */,
				B91FBC461CCA62BA004ABBCC /* Release */,
			);
			defaultConfigurationIsVisible = 0;
			defaultConfigurationName = Release;
		};
/* End XCConfigurationList section */
	};
	rootObject = B91FBC0E1CCA62B8004ABBCC /* Project object */;
}
